
Microsoft Visual Studio Solution File, Format Version 12.00
# Visual Studio 15
VisualStudioVersion = 15.0.27130.2036
MinimumVisualStudioVersion = 10.0.40219.1
Project("{FAE04EC0-301F-11D3-BF4B-00C04F79EFBC}") = "LibraryManager", "LibraryManager\LibraryManager.csproj", "{A5A68352-DD69-48DA-A65F-42BB5609F7EB}"
EndProject
Project("{E53339B2-1760-4266-BCC7-CA923CBCF16C}") = "docker-compose", "docker-compose.dcproj", "{8107AE54-FE50-4BCB-8921-92484D52F38B}"
EndProject
Global
	GlobalSection(SolutionConfigurationPlatforms) = preSolution
		Debug|Any CPU = Debug|Any CPU
		Release|Any CPU = Release|Any CPU
	EndGlobalSection
	GlobalSection(ProjectConfigurationPlatforms) = postSolution
		{A5A68352-DD69-48DA-A65F-42BB5609F7EB}.Debug|Any CPU.ActiveCfg = Debug|Any CPU
		{A5A68352-DD69-48DA-A65F-42BB5609F7EB}.Debug|Any CPU.Build.0 = Debug|Any CPU
		{A5A68352-DD69-48DA-A65F-42BB5609F7EB}.Release|Any CPU.ActiveCfg = Release|Any CPU
		{A5A68352-DD69-48DA-A65F-42BB5609F7EB}.Release|Any CPU.Build.0 = Release|Any CPU
		{8107AE54-FE50-4BCB-8921-92484D52F38B}.Debug|Any CPU.ActiveCfg = Debug|Any CPU
		{8107AE54-FE50-4BCB-8921-92484D52F38B}.Debug|Any CPU.Build.0 = Debug|Any CPU
		{8107AE54-FE50-4BCB-8921-92484D52F38B}.Release|Any CPU.ActiveCfg = Release|Any CPU
		{8107AE54-FE50-4BCB-8921-92484D52F38B}.Release|Any CPU.Build.0 = Release|Any CPU
	EndGlobalSection
	GlobalSection(SolutionProperties) = preSolution
		HideSolutionNode = FALSE
	EndGlobalSection
	GlobalSection(ExtensibilityGlobals) = postSolution
		SolutionGuid = {E2E927A9-D28D-42BF-8100-5574C8413EF8}
	EndGlobalSection
EndGlobal
